
Microsoft Visual Studio Solution File, Format Version 12.00
# Visual Studio Version 16
VisualStudioVersion = 16.0.30517.126
MinimumVisualStudioVersion = 10.0.40219.1
Project("{FAE04EC0-301F-11D3-BF4B-00C04F79EFBC}") = "prj_vetores_aluguel", "prj_vetores_aluguel\prj_vetores_aluguel.csproj", "{8E2B6AC0-2442-4753-883E-E49F323DEEB5}"
EndProject
Global
	GlobalSection(SolutionConfigurationPlatforms) = preSolution
		Debug|Any CPU = Debug|Any CPU
		Release|Any CPU = Release|Any CPU
	EndGlobalSection
	GlobalSection(ProjectConfigurationPlatforms) = postSolution
		{8E2B6AC0-2442-4753-883E-E49F323DEEB5}.Debug|Any CPU.ActiveCfg = Debug|Any CPU
		{8E2B6AC0-2442-4753-883E-E49F323DEEB5}.Debug|Any CPU.Build.0 = Debug|Any CPU
		{8E2B6AC0-2442-4753-883E-E49F323DEEB5}.Release|Any CPU.ActiveCfg = Release|Any CPU
		{8E2B6AC0-2442-4753-883E-E49F323DEEB5}.Release|Any CPU.Build.0 = Release|Any CPU
	EndGlobalSection
	GlobalSection(SolutionProperties) = preSolution
		HideSolutionNode = FALSE
	EndGlobalSection
	GlobalSection(ExtensibilityGlobals) = postSolution
		SolutionGuid = {609DD6DB-9C3E-4D52-AA9A-49D8C11BE5E6}
	EndGlobalSection
EndGlobal
